
Microsoft Visual Studio Solution File, Format Version 12.00
# Visual Studio 15
VisualStudioVersion = 15.0.28307.271
MinimumVisualStudioVersion = 10.0.40219.1
Project("{9A19103F-16F7-4668-BE54-9A1E7A4F7556}") = "fxlint", "fxlint.csproj", "{4860024B-79A5-486F-AA93-4496E4959087}"
EndProject
Project("{9A19103F-16F7-4668-BE54-9A1E7A4F7556}") = "fxlint_tests", "..\fxlint_tests\fxlint_tests.csproj", "{F4960A5C-58F9-4817-B125-25D65906EC2F}"
EndProject
Global
	GlobalSection(SolutionConfigurationPlatforms) = preSolution
		Debug|Any CPU = Debug|Any CPU
		Release|Any CPU = Release|Any CPU
	EndGlobalSection
	GlobalSection(ProjectConfigurationPlatforms) = postSolution
		{4860024B-79A5-486F-AA93-4496E4959087}.Debug|Any CPU.ActiveCfg = Debug|Any CPU
		{4860024B-79A5-486F-AA93-4496E4959087}.Debug|Any CPU.Build.0 = Debug|Any CPU
		{4860024B-79A5-486F-AA93-4496E4959087}.Release|Any CPU.ActiveCfg = Release|Any CPU
		{4860024B-79A5-486F-AA93-4496E4959087}.Release|Any CPU.Build.0 = Release|Any CPU
		{F4960A5C-58F9-4817-B125-25D65906EC2F}.Debug|Any CPU.ActiveCfg = Debug|Any CPU
		{F4960A5C-58F9-4817-B125-25D65906EC2F}.Debug|Any CPU.Build.0 = Debug|Any CPU
		{F4960A5C-58F9-4817-B125-25D65906EC2F}.Release|Any CPU.ActiveCfg = Release|Any CPU
		{F4960A5C-58F9-4817-B125-25D65906EC2F}.Release|Any CPU.Build.0 = Release|Any CPU
	EndGlobalSection
	GlobalSection(SolutionProperties) = preSolution
		HideSolutionNode = FALSE
	EndGlobalSection
	GlobalSection(ExtensibilityGlobals) = postSolution
		SolutionGuid = {8888BF16-47DA-483A-9D46-3BCCD9ABC60D}
	EndGlobalSection
EndGlobal
